
Microsoft Visual Studio Solution File, Format Version 12.00
# Visual Studio Version 17
VisualStudioVersion = 17.2.32516.85
MinimumVisualStudioVersion = 10.0.40219.1
Project("{FAE04EC0-301F-11D3-BF4B-00C04F79EFBC}") = "Projects.Azure", "Projects.Azure\Projects.Azure.csproj", "{B0D00B4E-12FE-4A9E-A67C-B1F8070FB781}"
EndProject
Global
	GlobalSection(SolutionConfigurationPlatforms) = preSolution
		Debug|Any CPU = Debug|Any CPU
		Release|Any CPU = Release|Any CPU
	EndGlobalSection
	GlobalSection(ProjectConfigurationPlatforms) = postSolution
		{B0D00B4E-12FE-4A9E-A67C-B1F8070FB781}.Debug|Any CPU.ActiveCfg = Debug|Any CPU
		{B0D00B4E-12FE-4A9E-A67C-B1F8070FB781}.Debug|Any CPU.Build.0 = Debug|Any CPU
		{B0D00B4E-12FE-4A9E-A67C-B1F8070FB781}.Release|Any CPU.ActiveCfg = Release|Any CPU
		{B0D00B4E-12FE-4A9E-A67C-B1F8070FB781}.Release|Any CPU.Build.0 = Release|Any CPU
	EndGlobalSection
	GlobalSection(SolutionProperties) = preSolution
		HideSolutionNode = FALSE
	EndGlobalSection
	GlobalSection(ExtensibilityGlobals) = postSolution
		SolutionGuid = {233417ED-A3AC-495E-A92D-5CC0E5211393}
	EndGlobalSection
EndGlobal
